
Microsoft Visual Studio Solution File, Format Version 12.00
# Visual Studio Version 17
VisualStudioVersion = 17.0.31903.59
MinimumVisualStudioVersion = 10.0.40219.1
Project("{FAE04EC0-301F-11D3-BF4B-00C04F79EFBC}") = "api", "src\api.csproj", "{64C8B731-B6CC-4D70-A4C7-40957534FC34}"
EndProject
Project("{2150E333-8FDC-42A3-9474-1A3956D46DE8}") = "Solution items", "Solution items", "{C749FA6F-F7BF-466C-B573-7A4C5EA9D7C1}"
	ProjectSection(SolutionItems) = preProject
		.gitignore = .gitignore
		deployment.yml = deployment.yml
		Dockerfile = Dockerfile
	EndProjectSection
EndProject
Global
	GlobalSection(SolutionConfigurationPlatforms) = preSolution
		Debug|Any CPU = Debug|Any CPU
		Release|Any CPU = Release|Any CPU
	EndGlobalSection
	GlobalSection(SolutionProperties) = preSolution
		HideSolutionNode = FALSE
	EndGlobalSection
	GlobalSection(ProjectConfigurationPlatforms) = postSolution
		{64C8B731-B6CC-4D70-A4C7-40957534FC34}.Debug|Any CPU.ActiveCfg = Debug|Any CPU
		{64C8B731-B6CC-4D70-A4C7-40957534FC34}.Debug|Any CPU.Build.0 = Debug|Any CPU
		{64C8B731-B6CC-4D70-A4C7-40957534FC34}.Release|Any CPU.ActiveCfg = Release|Any CPU
		{64C8B731-B6CC-4D70-A4C7-40957534FC34}.Release|Any CPU.Build.0 = Release|Any CPU
	EndGlobalSection
EndGlobal
